// !$*UTF8*$!
{
	archiveVersion = 1;
	classes = {
	};
	objectVersion = 56;
	objects = {

/* Begin PBXBuildFile section */
		6E6F55A32C30A5FC00E338FD /* MyPocketMonstersApp.swift in Sources */ = {isa = PBXBuildFile; fileRef = 6E6F55A22C30A5FC00E338FD /* MyPocketMonstersApp.swift */; };
		6E6F55A52C30A5FC00E338FD /* ContentView.swift in Sources */ = {isa = PBXBuildFile; fileRef = 6E6F55A42C30A5FC00E338FD /* ContentView.swift */; };
		6E6F55A72C30A5FD00E338FD /* Assets.xcassets in Resources */ = {isa = PBXBuildFile; fileRef = 6E6F55A62C30A5FD00E338FD /* Assets.xcassets */; };
		6E6F55AA2C30A5FD00E338FD /* Preview Assets.xcassets in Resources */ = {isa = PBXBuildFile; fileRef = 6E6F55A92C30A5FD00E338FD /* Preview Assets.xcassets */; };
		6E6F55B42C30A5FD00E338FD /* MyPocketMonstersTests.swift in Sources */ = {isa = PBXBuildFile; fileRef = 6E6F55B32C30A5FD00E338FD /* MyPocketMonstersTests.swift */; };
		6E6F55BE2C30A5FD00E338FD /* MyPocketMonstersUITests.swift in Sources */ = {isa = PBXBuildFile; fileRef = 6E6F55BD2C30A5FD00E338FD /* MyPocketMonstersUITests.swift */; };
		6E6F55C02C30A5FD00E338FD /* MyPocketMonstersUITestsLaunchTests.swift in Sources */ = {isa = PBXBuildFile; fileRef = 6E6F55BF2C30A5FD00E338FD /* MyPocketMonstersUITestsLaunchTests.swift */; };
/* End PBXBuildFile section */

/* Begin PBXContainerItemProxy section */
		6E6F55B02C30A5FD00E338FD /* PBXContainerItemProxy */ = {
			isa = PBXContainerItemProxy;
			containerPortal = 6E6F55972C30A5FC00E338FD /* Project object */;
			proxyType = 1;
			remoteGlobalIDString = 6E6F559E2C30A5FC00E338FD;
			remoteInfo = MyPocketMonsters;
		};
		6E6F55BA2C30A5FD00E338FD /* PBXContainerItemProxy */ = {
			isa = PBXContainerItemProxy;
			containerPortal = 6E6F55972C30A5FC00E338FD /* Project object */;
			proxyType = 1;
			remoteGlobalIDString = 6E6F559E2C30A5FC00E338FD;
			remoteInfo = MyPocketMonsters;
		};
/* End PBXContainerItemProxy section */

/* Begin PBXFileReference section */
		6E6F559F2C30A5FC00E338FD /* MyPocketMonsters.app */ = {isa = PBXFileReference; explicitFileType = wrapper.application; includeInIndex = 0; path = MyPocketMonsters.app; sourceTree = BUILT_PRODUCTS_DIR; };
		6E6F55A22C30A5FC00E338FD /* MyPocketMonstersApp.swift */ = {isa = PBXFileReference; lastKnownFileType = sourcecode.swift; path = MyPocketMonstersApp.swift; sourceTree = "<group>"; };
		6E6F55A42C30A5FC00E338FD /* ContentView.swift */ = {isa = PBXFileReference; lastKnownFileType = sourcecode.swift; path = ContentView.swift; sourceTree = "<group>"; };
		6E6F55A62C30A5FD00E338FD /* Assets.xcassets */ = {isa = PBXFileReference; lastKnownFileType = folder.assetcatalog; path = Assets.xcassets; sourceTree = "<group>"; };
		6E6F55A92C30A5FD00E338FD /* Preview Assets.xcassets */ = {isa = PBXFileReference; lastKnownFileType = folder.assetcatalog; path = "Preview Assets.xcassets"; sourceTree = "<group>"; };
		6E6F55AF2C30A5FD00E338FD /* MyPocketMonstersUnitTests.xctest */ = {isa = PBXFileReference; explicitFileType = wrapper.cfbundle; includeInIndex = 0; path = MyPocketMonstersUnitTests.xctest; sourceTree = BUILT_PRODUCTS_DIR; };
		6E6F55B32C30A5FD00E338FD /* MyPocketMonstersTests.swift */ = {isa = PBXFileReference; lastKnownFileType = sourcecode.swift; path = MyPocketMonstersTests.swift; sourceTree = "<group>"; };
		6E6F55B92C30A5FD00E338FD /* MyPocketMonstersUITests.xctest */ = {isa = PBXFileReference; explicitFileType = wrapper.cfbundle; includeInIndex = 0; path = MyPocketMonstersUITests.xctest; sourceTree = BUILT_PRODUCTS_DIR; };
		6E6F55BD2C30A5FD00E338FD /* MyPocketMonstersUITests.swift */ = {isa = PBXFileReference; lastKnownFileType = sourcecode.swift; path = MyPocketMonstersUITests.swift; sourceTree = "<group>"; };
		6E6F55BF2C30A5FD00E338FD /* MyPocketMonstersUITestsLaunchTests.swift */ = {isa = PBXFileReference; lastKnownFileType = sourcecode.swift; path = MyPocketMonstersUITestsLaunchTests.swift; sourceTree = "<group>"; };
/* End PBXFileReference section */

/* Begin PBXFrameworksBuildPhase section */
		6E6F559C2C30A5FC00E338FD /* Frameworks */ = {
			isa = PBXFrameworksBuildPhase;
			buildActionMask = 2147483647;
			files = (
			);
			runOnlyForDeploymentPostprocessing = 0;
		};
		6E6F55AC2C30A5FD00E338FD /* Frameworks */ = {
			isa = PBXFrameworksBuildPhase;
			buildActionMask = 2147483647;
			files = (
			);
			runOnlyForDeploymentPostprocessing = 0;
		};
		6E6F55B62C30A5FD00E338FD /* Frameworks */ = {
			isa = PBXFrameworksBuildPhase;
			buildActionMask = 2147483647;
			files = (
			);
			runOnlyForDeploymentPostprocessing = 0;
		};
/* End PBXFrameworksBuildPhase section */

/* Begin PBXGroup section */
		6E6F55962C30A5FC00E338FD = {
			isa = PBXGroup;
			children = (
				6E6F55A12C30A5FC00E338FD /* MyPocketMonsters */,
				6E6F55B22C30A5FD00E338FD /* MyPocketMonstersUnitTests */,
				6E6F55BC2C30A5FD00E338FD /* MyPocketMonstersUITests */,
				6E6F55A02C30A5FC00E338FD /* Products */,
			);
			sourceTree = "<group>";
		};
		6E6F55A02C30A5FC00E338FD /* Products */ = {
			isa = PBXGroup;
			children = (
				6E6F559F2C30A5FC00E338FD /* MyPocketMonsters.app */,
				6E6F55AF2C30A5FD00E338FD /* MyPocketMonstersUnitTests.xctest */,
				6E6F55B92C30A5FD00E338FD /* MyPocketMonstersUITests.xctest */,
			);
			name = Products;
			sourceTree = "<group>";
		};
		6E6F55A12C30A5FC00E338FD /* MyPocketMonsters */ = {
			isa = PBXGroup;
			children = (
				6E6F55A22C30A5FC00E338FD /* MyPocketMonstersApp.swift */,
				6E6F55A42C30A5FC00E338FD /* ContentView.swift */,
				6E6F55A62C30A5FD00E338FD /* Assets.xcassets */,
				6E6F55A82C30A5FD00E338FD /* Preview Content */,
			);
			path = MyPocketMonsters;
			sourceTree = "<group>";
		};
		6E6F55A82C30A5FD00E338FD /* Preview Content */ = {
			isa = PBXGroup;
			children = (
				6E6F55A92C30A5FD00E338FD /* Preview Assets.xcassets */,
			);
			path = "Preview Content";
			sourceTree = "<group>";
		};
		6E6F55B22C30A5FD00E338FD /* MyPocketMonstersUnitTests */ = {
			isa = PBXGroup;
			children = (
				6E6F55B32C30A5FD00E338FD /* MyPocketMonstersTests.swift */,
			);
			path = MyPocketMonstersUnitTests;
			sourceTree = "<group>";
		};
		6E6F55BC2C30A5FD00E338FD /* MyPocketMonstersUITests */ = {
			isa = PBXGroup;
			children = (
				6E6F55BD2C30A5FD00E338FD /* MyPocketMonstersUITests.swift */,
				6E6F55BF2C30A5FD00E338FD /* MyPocketMonstersUITestsLaunchTests.swift */,
			);
			path = MyPocketMonstersUITests;
			sourceTree = "<group>";
		};
/* End PBXGroup section */

/* Begin PBXNativeTarget section */
		6E6F559E2C30A5FC00E338FD /* MyPocketMonsters */ = {
			isa = PBXNativeTarget;
			buildConfigurationList = 6E6F55C32C30A5FD00E338FD /* Build configuration list for PBXNativeTarget "MyPocketMonsters" */;
			buildPhases = (
				6E6F559B2C30A5FC00E338FD /* Sources */,
				6E6F559C2C30A5FC00E338FD /* Frameworks */,
				6E6F559D2C30A5FC00E338FD /* Resources */,
			);
			buildRules = (
			);
			dependencies = (
			);
			name = MyPocketMonsters;
			productName = MyPocketMonsters;
			productReference = 6E6F559F2C30A5FC00E338FD /* MyPocketMonsters.app */;
			productType = "com.apple.product-type.application";
		};
		6E6F55AE2C30A5FD00E338FD /* MyPocketMonstersUnitTests */ = {
			isa = PBXNativeTarget;
			buildConfigurationList = 6E6F55C62C30A5FD00E338FD /* Build configuration list for PBXNativeTarget "MyPocketMonstersUnitTests" */;
			buildPhases = (
				6E6F55AB2C30A5FD00E338FD /* Sources */,
				6E6F55AC2C30A5FD00E338FD /* Frameworks */,
				6E6F55AD2C30A5FD00E338FD /* Resources */,
			);
			buildRules = (
			);
			dependencies = (
				6E6F55B12C30A5FD00E338FD /* PBXTargetDependency */,
			);
			name = MyPocketMonstersUnitTests;
			productName = MyPocketMonstersTests;
			productReference = 6E6F55AF2C30A5FD00E338FD /* MyPocketMonstersUnitTests.xctest */;
			productType = "com.apple.product-type.bundle.unit-test";
		};
		6E6F55B82C30A5FD00E338FD /* MyPocketMonstersUITests */ = {
			isa = PBXNativeTarget;
			buildConfigurationList = 6E6F55C92C30A5FD00E338FD /* Build configuration list for PBXNativeTarget "MyPocketMonstersUITests" */;
			buildPhases = (
				6E6F55B52C30A5FD00E338FD /* Sources */,
				6E6F55B62C30A5FD00E338FD /* Frameworks */,
				6E6F55B72C30A5FD00E338FD /* Resources */,
			);
			buildRules = (
			);
			dependencies = (
				6E6F55BB2C30A5FD00E338FD /* PBXTargetDependency */,
			);
			name = MyPocketMonstersUITests;
			productName = MyPocketMonstersUITests;
			productReference = 6E6F55B92C30A5FD00E338FD /* MyPocketMonstersUITests.xctest */;
			productType = "com.apple.product-type.bundle.ui-testing";
		};
/* End PBXNativeTarget section */

/* Begin PBXProject section */
		6E6F55972C30A5FC00E338FD /* Project object */ = {
			isa = PBXProject;
			attributes = {
				BuildIndependentTargetsInParallel = 1;
				LastSwiftUpdateCheck = 1540;
				LastUpgradeCheck = 1540;
				TargetAttributes = {
					6E6F559E2C30A5FC00E338FD = {
						CreatedOnToolsVersion = 15.4;
					};
					6E6F55AE2C30A5FD00E338FD = {
						CreatedOnToolsVersion = 15.4;
						TestTargetID = 6E6F559E2C30A5FC00E338FD;
					};
					6E6F55B82C30A5FD00E338FD = {
						CreatedOnToolsVersion = 15.4;
						TestTargetID = 6E6F559E2C30A5FC00E338FD;
					};
				};
			};
			buildConfigurationList = 6E6F559A2C30A5FC00E338FD /* Build configuration list for PBXProject "MyPocketMonsters" */;
			compatibilityVersion = "Xcode 14.0";
			developmentRegion = en;
			hasScannedForEncodings = 0;
			knownRegions = (
				en,
				Base,
			);
			mainGroup = 6E6F55962C30A5FC00E338FD;
			productRefGroup = 6E6F55A02C30A5FC00E338FD /* Products */;
			projectDirPath = "";
			projectRoot = "";
			targets = (
				6E6F559E2C30A5FC00E338FD /* MyPocketMonsters */,
				6E6F55AE2C30A5FD00E338FD /* MyPocketMonstersUnitTests */,
				6E6F55B82C30A5FD00E338FD /* MyPocketMonstersUITests */,
			);
		};
/* End PBXProject section */

/* Begin PBXResourcesBuildPhase section */
		6E6F559D2C30A5FC00E338FD /* Resources */ = {
			isa = PBXResourcesBuildPhase;
			buildActionMask = 2147483647;
			files = (
				6E6F55AA2C30A5FD00E338FD /* Preview Assets.xcassets in Resources */,
				6E6F55A72C30A5FD00E338FD /* Assets.xcassets in Resources */,
			);
			runOnlyForDeploymentPostprocessing = 0;
		};
		6E6F55AD2C30A5FD00E338FD /* Resources */ = {
			isa = PBXResourcesBuildPhase;
			buildActionMask = 2147483647;
			files = (
			);
			runOnlyForDeploymentPostprocessing = 0;
		};
		6E6F55B72C30A5FD00E338FD /* Resources */ = {
			isa = PBXResourcesBuildPhase;
			buildActionMask = 2147483647;
			files = (
			);
			runOnlyForDeploymentPostprocessing = 0;
		};
/* End PBXResourcesBuildPhase section */

/* Begin PBXSourcesBuildPhase section */
		6E6F559B2C30A5FC00E338FD /* Sources */ = {
			isa = PBXSourcesBuildPhase;
			buildActionMask = 2147483647;
			files = (
				6E6F55A52C30A5FC00E338FD /* ContentView.swift in Sources */,
				6E6F55A32C30A5FC00E338FD /* MyPocketMonstersApp.swift in Sources */,
			);
			runOnlyForDeploymentPostprocessing = 0;
		};
		6E6F55AB2C30A5FD00E338FD /* Sources */ = {
			isa = PBXSourcesBuildPhase;
			buildActionMask = 2147483647;
			files = (
				6E6F55B42C30A5FD00E338FD /* MyPocketMonstersTests.swift in Sources */,
			);
			runOnlyForDeploymentPostprocessing = 0;
		};
		6E6F55B52C30A5FD00E338FD /* Sources */ = {
			isa = PBXSourcesBuildPhase;
			buildActionMask = 2147483647;
			files = (
				6E6F55BE2C30A5FD00E338FD /* MyPocketMonstersUITests.swift in Sources */,
				6E6F55C02C30A5FD00E338FD /* MyPocketMonstersUITestsLaunchTests.swift in Sources */,
			);
			runOnlyForDeploymentPostprocessing = 0;
		};
/* End PBXSourcesBuildPhase section */

/* Begin PBXTargetDependency section */
		6E6F55B12C30A5FD00E338FD /* PBXTargetDependency */ = {
			isa = PBXTargetDependency;
			target = 6E6F559E2C30A5FC00E338FD /* MyPocketMonsters */;
			targetProxy = 6E6F55B02C30A5FD00E338FD /* PBXContainerItemProxy */;
		};
		6E6F55BB2C30A5FD00E338FD /* PBXTargetDependency */ = {
			isa = PBXTargetDependency;
			target = 6E6F559E2C30A5FC00E338FD /* MyPocketMonsters */;
			targetProxy = 6E6F55BA2C30A5FD00E338FD /* PBXContainerItemProxy */;
		};
/* End PBXTargetDependency section */

/* Begin XCBuildConfiguration section */
		6E6F55C12C30A5FD00E338FD /* Debug */ = {
			isa = XCBuildConfiguration;
			buildSettings = {
				ALWAYS_SEARCH_USER_PATHS = NO;
				ASSETCATALOG_COMPILER_GENERATE_SWIFT_ASSET_SYMBOL_EXTENSIONS = YES;
				CLANG_ANALYZER_NONNULL = YES;
				CLANG_ANALYZER_NUMBER_OBJECT_CONVERSION = YES_AGGRESSIVE;
				CLANG_CXX_LANGUAGE_STANDARD = "gnu++20";
				CLANG_ENABLE_MODULES = YES;
				CLANG_ENABLE_OBJC_ARC = YES;
				CLANG_ENABLE_OBJC_WEAK = YES;
				CLANG_WARN_BLOCK_CAPTURE_AUTORELEASING = YES;
				CLANG_WARN_BOOL_CONVERSION = YES;
				CLANG_WARN_COMMA = YES;
				CLANG_WARN_CONSTANT_CONVERSION = YES;
				CLANG_WARN_DEPRECATED_OBJC_IMPLEMENTATIONS = YES;
				CLANG_WARN_DIRECT_OBJC_ISA_USAGE = YES_ERROR;
				CLANG_WARN_DOCUMENTATION_COMMENTS = YES;
				CLANG_WARN_EMPTY_BODY = YES;
				CLANG_WARN_ENUM_CONVERSION = YES;
				CLANG_WARN_INFINITE_RECURSION = YES;
				CLANG_WARN_INT_CONVERSION = YES;
				CLANG_WARN_NON_LITERAL_NULL_CONVERSION = YES;
				CLANG_WARN_OBJC_IMPLICIT_RETAIN_SELF = YES;
				CLANG_WARN_OBJC_LITERAL_CONVERSION = YES;
				CLANG_WARN_OBJC_ROOT_CLASS = YES_ERROR;
				CLANG_WARN_QUOTED_INCLUDE_IN_FRAMEWORK_HEADER = YES;
				CLANG_WARN_RANGE_LOOP_ANALYSIS = YES;
				CLANG_WARN_STRICT_PROTOTYPES = YES;
				CLANG_WARN_SUSPICIOUS_MOVE = YES;
				CLANG_WARN_UNGUARDED_AVAILABILITY = YES_AGGRESSIVE;
				CLANG_WARN_UNREACHABLE_CODE = YES;
				CLANG_WARN__DUPLICATE_METHOD_MATCH = YES;
				COPY_PHASE_STRIP = NO;
				DEBUG_INFORMATION_FORMAT = dwarf;
				ENABLE_STRICT_OBJC_MSGSEND = YES;
				ENABLE_TESTABILITY = YES;
				ENABLE_USER_SCRIPT_SANDBOXING = YES;
				GCC_C_LANGUAGE_STANDARD = gnu17;
				GCC_DYNAMIC_NO_PIC = NO;
				GCC_NO_COMMON_BLOCKS = YES;
				GCC_OPTIMIZATION_LEVEL = 0;
				GCC_PREPROCESSOR_DEFINITIONS = (
					"DEBUG=1",
					"$(inherited)",
				);
				GCC_WARN_64_TO_32_BIT_CONVERSION = YES;
				GCC_WARN_ABOUT_RETURN_TYPE = YES_ERROR;
				GCC_WARN_UNDECLARED_SELECTOR = YES;
				GCC_WARN_UNINITIALIZED_AUTOS = YES_AGGRESSIVE;
				GCC_WARN_UNUSED_FUNCTION = YES;
				GCC_WARN_UNUSED_VARIABLE = YES;
				IPHONEOS_DEPLOYMENT_TARGET = 17.5;
				LOCALIZATION_PREFERS_STRING_CATALOGS = YES;
				MTL_ENABLE_DEBUG_INFO = INCLUDE_SOURCE;
				MTL_FAST_MATH = YES;
				ONLY_ACTIVE_ARCH = YES;
				SDKROOT = iphoneos;
				SWIFT_ACTIVE_COMPILATION_CONDITIONS = "DEBUG $(inherited)";
				SWIFT_OPTIMIZATION_LEVEL = "-Onone";
			};
			name = Debug;
		};
		6E6F55C22C30A5FD00E338FD /* Release */ = {
			isa = XCBuildConfiguration;
			buildSettings = {
				ALWAYS_SEARCH_USER_PATHS = NO;
				ASSETCATALOG_COMPILER_GENERATE_SWIFT_ASSET_SYMBOL_EXTENSIONS = YES;
				CLANG_ANALYZER_NONNULL = YES;
				CLANG_ANALYZER_NUMBER_OBJECT_CONVERSION = YES_AGGRESSIVE;
				CLANG_CXX_LANGUAGE_STANDARD = "gnu++20";
				CLANG_ENABLE_MODULES = YES;
				CLANG_ENABLE_OBJC_ARC = YES;
				CLANG_ENABLE_OBJC_WEAK = YES;
				CLANG_WARN_BLOCK_CAPTURE_AUTORELEASING = YES;
				CLANG_WARN_BOOL_CONVERSION = YES;
				CLANG_WARN_COMMA = YES;
				CLANG_WARN_CONSTANT_CONVERSION = YES;
				CLANG_WARN_DEPRECATED_OBJC_IMPLEMENTATIONS = YES;
				CLANG_WARN_DIRECT_OBJC_ISA_USAGE = YES_ERROR;
				CLANG_WARN_DOCUMENTATION_COMMENTS = YES;
				CLANG_WARN_EMPTY_BODY = YES;
				CLANG_WARN_ENUM_CONVERSION = YES;
				CLANG_WARN_INFINITE_RECURSION = YES;
				CLANG_WARN_INT_CONVERSION = YES;
				CLANG_WARN_NON_LITERAL_NULL_CONVERSION = YES;
				CLANG_WARN_OBJC_IMPLICIT_RETAIN_SELF = YES;
				CLANG_WARN_OBJC_LITERAL_CONVERSION = YES;
				CLANG_WARN_OBJC_ROOT_CLASS = YES_ERROR;
				CLANG_WARN_QUOTED_INCLUDE_IN_FRAMEWORK_HEADER = YES;
				CLANG_WARN_RANGE_LOOP_ANALYSIS = YES;
				CLANG_WARN_STRICT_PROTOTYPES = YES;
				CLANG_WARN_SUSPICIOUS_MOVE = YES;
				CLANG_WARN_UNGUARDED_AVAILABILITY = YES_AGGRESSIVE;
				CLANG_WARN_UNREACHABLE_CODE = YES;
				CLANG_WARN__DUPLICATE_METHOD_MATCH = YES;
				COPY_PHASE_STRIP = NO;
				DEBUG_INFORMATION_FORMAT = "dwarf-with-dsym";
				ENABLE_NS_ASSERTIONS = NO;
				ENABLE_STRICT_OBJC_MSGSEND = YES;
				ENABLE_USER_SCRIPT_SANDBOXING = YES;
				GCC_C_LANGUAGE_STANDARD = gnu17;
				GCC_NO_COMMON_BLOCKS = YES;
				GCC_WARN_64_TO_32_BIT_CONVERSION = YES;
				GCC_WARN_ABOUT_RETURN_TYPE = YES_ERROR;
				GCC_WARN_UNDECLARED_SELECTOR = YES;
				GCC_WARN_UNINITIALIZED_AUTOS = YES_AGGRESSIVE;
				GCC_WARN_UNUSED_FUNCTION = YES;
				GCC_WARN_UNUSED_VARIABLE = YES;
				IPHONEOS_DEPLOYMENT_TARGET = 17.5;
				LOCALIZATION_PREFERS_STRING_CATALOGS = YES;
				MTL_ENABLE_DEBUG_INFO = NO;
				MTL_FAST_MATH = YES;
				SDKROOT = iphoneos;
				SWIFT_COMPILATION_MODE = wholemodule;
				VALIDATE_PRODUCT = YES;
			};
			name = Release;
		};
		6E6F55C42C30A5FD00E338FD /* Debug */ = {
			isa = XCBuildConfiguration;
			buildSettings = {
				ASSETCATALOG_COMPILER_APPICON_NAME = AppIcon;
				ASSETCATALOG_COMPILER_GLOBAL_ACCENT_COLOR_NAME = AccentColor;
				CODE_SIGN_STYLE = Automatic;
				CURRENT_PROJECT_VERSION = 1;
				DEVELOPMENT_ASSET_PATHS = "\"MyPocketMonsters/Preview Content\"";
				DEVELOPMENT_TEAM = 8C5BGZA63V;
				ENABLE_PREVIEWS = YES;
				GENERATE_INFOPLIST_FILE = YES;
				INFOPLIST_KEY_UIApplicationSceneManifest_Generation = YES;
				INFOPLIST_KEY_UIApplicationSupportsIndirectInputEvents = YES;
				INFOPLIST_KEY_UILaunchScreen_Generation = YES;
				INFOPLIST_KEY_UISupportedInterfaceOrientations_iPad = "UIInterfaceOrientationPortrait UIInterfaceOrientationPortraitUpsideDown UIInterfaceOrientationLandscapeLeft UIInterfaceOrientationLandscapeRight";
				INFOPLIST_KEY_UISupportedInterfaceOrientations_iPhone = "UIInterfaceOrientationPortrait UIInterfaceOrientationLandscapeLeft UIInterfaceOrientationLandscapeRight";
				LD_RUNPATH_SEARCH_PATHS = (
					"$(inherited)",
					"@executable_path/Frameworks",
				);
				MARKETING_VERSION = 1.0;
				PRODUCT_BUNDLE_IDENTIFIER = "com.prate-k.MyPocketMonsters";
				PRODUCT_NAME = "$(TARGET_NAME)";
				SWIFT_EMIT_LOC_STRINGS = YES;
				SWIFT_VERSION = 5.0;
				TARGETED_DEVICE_FAMILY = "1,2";
			};
			name = Debug;
		};
		6E6F55C52C30A5FD00E338FD /* Release */ = {
			isa = XCBuildConfiguration;
			buildSettings = {
				ASSETCATALOG_COMPILER_APPICON_NAME = AppIcon;
				ASSETCATALOG_COMPILER_GLOBAL_ACCENT_COLOR_NAME = AccentColor;
				CODE_SIGN_STYLE = Automatic;
				CURRENT_PROJECT_VERSION = 1;
				DEVELOPMENT_ASSET_PATHS = "\"MyPocketMonsters/Preview Content\"";
				DEVELOPMENT_TEAM = 8C5BGZA63V;
				ENABLE_PREVIEWS = YES;
				GENERATE_INFOPLIST_FILE = YES;
				INFOPLIST_KEY_UIApplicationSceneManifest_Generation = YES;
				INFOPLIST_KEY_UIApplicationSupportsIndirectInputEvents = YES;
				INFOPLIST_KEY_UILaunchScreen_Generation = YES;
				INFOPLIST_KEY_UISupportedInterfaceOrientations_iPad = "UIInterfaceOrientationPortrait UIInterfaceOrientationPortraitUpsideDown UIInterfaceOrientationLandscapeLeft UIInterfaceOrientationLandscapeRight";
				INFOPLIST_KEY_UISupportedInterfaceOrientations_iPhone = "UIInterfaceOrientationPortrait UIInterfaceOrientationLandscapeLeft UIInterfaceOrientationLandscapeRight";
				LD_RUNPATH_SEARCH_PATHS = (
					"$(inherited)",
					"@executable_path/Frameworks",
				);
				MARKETING_VERSION = 1.0;
				PRODUCT_BUNDLE_IDENTIFIER = "com.prate-k.MyPocketMonsters";
				PRODUCT_NAME = "$(TARGET_NAME)";
				SWIFT_EMIT_LOC_STRINGS = YES;
				SWIFT_VERSION = 5.0;
				TARGETED_DEVICE_FAMILY = "1,2";
			};
			name = Release;
		};
		6E6F55C72C30A5FD00E338FD /* Debug */ = {
			isa = XCBuildConfiguration;
			buildSettings = {
				ALWAYS_EMBED_SWIFT_STANDARD_LIBRARIES = YES;
				BUNDLE_LOADER = "$(TEST_HOST)";
				CODE_SIGN_STYLE = Automatic;
				CURRENT_PROJECT_VERSION = 1;
				DEVELOPMENT_TEAM = 8C5BGZA63V;
				GENERATE_INFOPLIST_FILE = YES;
				IPHONEOS_DEPLOYMENT_TARGET = 17.5;
				MARKETING_VERSION = 1.0;
				PRODUCT_BUNDLE_IDENTIFIER = "com.prate-k.MyPocketMonstersUnitTests";
				PRODUCT_NAME = "$(TARGET_NAME)";
				SWIFT_EMIT_LOC_STRINGS = NO;
				SWIFT_VERSION = 5.0;
				TARGETED_DEVICE_FAMILY = "1,2";
				TEST_HOST = "$(BUILT_PRODUCTS_DIR)/MyPocketMonsters.app/$(BUNDLE_EXECUTABLE_FOLDER_PATH)/MyPocketMonsters";
			};
			name = Debug;
		};
		6E6F55C82C30A5FD00E338FD /* Release */ = {
			isa = XCBuildConfiguration;
			buildSettings = {
				ALWAYS_EMBED_SWIFT_STANDARD_LIBRARIES = YES;
				BUNDLE_LOADER = "$(TEST_HOST)";
				CODE_SIGN_STYLE = Automatic;
				CURRENT_PROJECT_VERSION = 1;
				DEVELOPMENT_TEAM = 8C5BGZA63V;
				GENERATE_INFOPLIST_FILE = YES;
				IPHONEOS_DEPLOYMENT_TARGET = 17.5;
				MARKETING_VERSION = 1.0;
				PRODUCT_BUNDLE_IDENTIFIER = "com.prate-k.MyPocketMonstersUnitTests";
				PRODUCT_NAME = "$(TARGET_NAME)";
				SWIFT_EMIT_LOC_STRINGS = NO;
				SWIFT_VERSION = 5.0;
				TARGETED_DEVICE_FAMILY = "1,2";
				TEST_HOST = "$(BUILT_PRODUCTS_DIR)/MyPocketMonsters.app/$(BUNDLE_EXECUTABLE_FOLDER_PATH)/MyPocketMonsters";
			};
			name = Release;
		};
		6E6F55CA2C30A5FD00E338FD /* Debug */ = {
			isa = XCBuildConfiguration;
			buildSettings = {
				ALWAYS_EMBED_SWIFT_STANDARD_LIBRARIES = YES;
				CODE_SIGN_STYLE = Automatic;
				CURRENT_PROJECT_VERSION = 1;
				DEVELOPMENT_TEAM = 8C5BGZA63V;
				GENERATE_INFOPLIST_FILE = YES;
				MARKETING_VERSION = 1.0;
				PRODUCT_BUNDLE_IDENTIFIER = "com.prate-k.MyPocketMonstersUITests";
				PRODUCT_NAME = "$(TARGET_NAME)";
				SWIFT_EMIT_LOC_STRINGS = NO;
				SWIFT_VERSION = 5.0;
				TARGETED_DEVICE_FAMILY = "1,2";
				TEST_TARGET_NAME = MyPocketMonsters;
			};
			name = Debug;
		};
		6E6F55CB2C30A5FD00E338FD /* Release */ = {
			isa = XCBuildConfiguration;
			buildSettings = {
				ALWAYS_EMBED_SWIFT_STANDARD_LIBRARIES = YES;
				CODE_SIGN_STYLE = Automatic;
				CURRENT_PROJECT_VERSION = 1;
				DEVELOPMENT_TEAM = 8C5BGZA63V;
				GENERATE_INFOPLIST_FILE = YES;
				MARKETING_VERSION = 1.0;
				PRODUCT_BUNDLE_IDENTIFIER = "com.prate-k.MyPocketMonstersUITests";
				PRODUCT_NAME = "$(TARGET_NAME)";
				SWIFT_EMIT_LOC_STRINGS = NO;
				SWIFT_VERSION = 5.0;
				TARGETED_DEVICE_FAMILY = "1,2";
				TEST_TARGET_NAME = MyPocketMonsters;
			};
			name = Release;
		};
/* End XCBuildConfiguration section */

/* Begin XCConfigurationList section */
		6E6F559A2C30A5FC00E338FD /* Build configuration list for PBXProject "MyPocketMonsters" */ = {
			isa = XCConfigurationList;
			buildConfigurations = (
				6E6F55C12C30A5FD00E338FD /* Debug */,
				6E6F55C22C30A5FD00E338FD /* Release */,
			);
			defaultConfigurationIsVisible = 0;
			defaultConfigurationName = Release;
		};
		6E6F55C32C30A5FD00E338FD /* Build configuration list for PBXNativeTarget "MyPocketMonsters" */ = {
			isa = XCConfigurationList;
			buildConfigurations = (
				6E6F55C42C30A5FD00E338FD /* Debug */,
				6E6F55C52C30A5FD00E338FD /* Release */,
			);
			defaultConfigurationIsVisible = 0;
			defaultConfigurationName = Release;
		};
		6E6F55C62C30A5FD00E338FD /* Build configuration list for PBXNativeTarget "MyPocketMonstersUnitTests" */ = {
			isa = XCConfigurationList;
			buildConfigurations = (
				6E6F55C72C30A5FD00E338FD /* Debug */,
				6E6F55C82C30A5FD00E338FD /* Release */,
			);
			defaultConfigurationIsVisible = 0;
			defaultConfigurationName = Release;
		};
		6E6F55C92C30A5FD00E338FD /* Build configuration list for PBXNativeTarget "MyPocketMonstersUITests" */ = {
			isa = XCConfigurationList;
			buildConfigurations = (
				6E6F55CA2C30A5FD00E338FD /* Debug */,
				6E6F55CB2C30A5FD00E338FD /* Release */,
			);
			defaultConfigurationIsVisible = 0;
			defaultConfigurationName = Release;
		};
/* End XCConfigurationList section */
	};
	rootObject = 6E6F55972C30A5FC00E338FD /* Project object */;
}
